
Microsoft Visual Studio Solution File, Format Version 12.00
# Visual Studio 15
VisualStudioVersion = 15.0.27130.2036
MinimumVisualStudioVersion = 10.0.40219.1
Project("{FAE04EC0-301F-11D3-BF4B-00C04F79EFBC}") = "TddAntiPatterns-TheHiddenDependency", "TddAntiPatterns-TheHiddenDependency\TddAntiPatterns-TheHiddenDependency.csproj", "{1D833D13-23E6-4418-ACDF-287D93DAF66F}"
EndProject
Global
	GlobalSection(SolutionConfigurationPlatforms) = preSolution
		Debug|Any CPU = Debug|Any CPU
		Release|Any CPU = Release|Any CPU
	EndGlobalSection
	GlobalSection(ProjectConfigurationPlatforms) = postSolution
		{1D833D13-23E6-4418-ACDF-287D93DAF66F}.Debug|Any CPU.ActiveCfg = Debug|Any CPU
		{1D833D13-23E6-4418-ACDF-287D93DAF66F}.Debug|Any CPU.Build.0 = Debug|Any CPU
		{1D833D13-23E6-4418-ACDF-287D93DAF66F}.Release|Any CPU.ActiveCfg = Release|Any CPU
		{1D833D13-23E6-4418-ACDF-287D93DAF66F}.Release|Any CPU.Build.0 = Release|Any CPU
	EndGlobalSection
	GlobalSection(SolutionProperties) = preSolution
		HideSolutionNode = FALSE
	EndGlobalSection
	GlobalSection(ExtensibilityGlobals) = postSolution
		SolutionGuid = {1929A026-2F69-4E57-AC8D-29E0DA4A6893}
	EndGlobalSection
EndGlobal
